
Microsoft Visual Studio Solution File, Format Version 12.00
# Visual Studio Version 16
VisualStudioVersion = 16.0.29409.12
MinimumVisualStudioVersion = 10.0.40219.1
Project("{9A19103F-16F7-4668-BE54-9A1E7A4F7556}") = "TheGameCave.WebAPI", "TheGameCave.WebAPI\TheGameCave.WebAPI.csproj", "{A901DA72-5B61-4992-81F3-3C40FF6ABB9D}"
EndProject
Project("{9A19103F-16F7-4668-BE54-9A1E7A4F7556}") = "TheGameCave.Lib", "TheGameCave.Lib\TheGameCave.Lib.csproj", "{CC461F5F-297B-4155-8B11-1E27841EC218}"
EndProject
Global
	GlobalSection(SolutionConfigurationPlatforms) = preSolution
		Debug|Any CPU = Debug|Any CPU
		Release|Any CPU = Release|Any CPU
	EndGlobalSection
	GlobalSection(ProjectConfigurationPlatforms) = postSolution
		{A901DA72-5B61-4992-81F3-3C40FF6ABB9D}.Debug|Any CPU.ActiveCfg = Debug|Any CPU
		{A901DA72-5B61-4992-81F3-3C40FF6ABB9D}.Debug|Any CPU.Build.0 = Debug|Any CPU
		{A901DA72-5B61-4992-81F3-3C40FF6ABB9D}.Release|Any CPU.ActiveCfg = Release|Any CPU
		{A901DA72-5B61-4992-81F3-3C40FF6ABB9D}.Release|Any CPU.Build.0 = Release|Any CPU
		{CC461F5F-297B-4155-8B11-1E27841EC218}.Debug|Any CPU.ActiveCfg = Debug|Any CPU
		{CC461F5F-297B-4155-8B11-1E27841EC218}.Debug|Any CPU.Build.0 = Debug|Any CPU
		{CC461F5F-297B-4155-8B11-1E27841EC218}.Release|Any CPU.ActiveCfg = Release|Any CPU
		{CC461F5F-297B-4155-8B11-1E27841EC218}.Release|Any CPU.Build.0 = Release|Any CPU
	EndGlobalSection
	GlobalSection(SolutionProperties) = preSolution
		HideSolutionNode = FALSE
	EndGlobalSection
	GlobalSection(ExtensibilityGlobals) = postSolution
		SolutionGuid = {F622A335-2E69-43D4-9C75-AD95110D38A6}
	EndGlobalSection
EndGlobal
